// !$*UTF8*$!
{
	archiveVersion = 1;
	classes = {
	};
	objectVersion = 50;
	objects = {

/* Begin PBXBuildFile section */
		4EC8C4F524723C330067BE3B /* AppDelegate.swift in Sources */ = {isa = PBXBuildFile; fileRef = 4EC8C4F424723C330067BE3B /* AppDelegate.swift */; };
		4EC8C4F724723C330067BE3B /* SceneDelegate.swift in Sources */ = {isa = PBXBuildFile; fileRef = 4EC8C4F624723C330067BE3B /* SceneDelegate.swift */; };
		4EC8C4FB24723C360067BE3B /* Assets.xcassets in Resources */ = {isa = PBXBuildFile; fileRef = 4EC8C4FA24723C360067BE3B /* Assets.xcassets */; };
		4EC8C4FE24723C360067BE3B /* Preview Assets.xcassets in Resources */ = {isa = PBXBuildFile; fileRef = 4EC8C4FD24723C360067BE3B /* Preview Assets.xcassets */; };
		4EC8C50124723C360067BE3B /* LaunchScreen.storyboard in Resources */ = {isa = PBXBuildFile; fileRef = 4EC8C4FF24723C360067BE3B /* LaunchScreen.storyboard */; };
		4EC8C50B24723CA80067BE3B /* ContentView.swift in Sources */ = {isa = PBXBuildFile; fileRef = 4EC8C50A24723CA80067BE3B /* ContentView.swift */; };
		4EC8C50D24723CCB0067BE3B /* DetailView.swift in Sources */ = {isa = PBXBuildFile; fileRef = 4EC8C50C24723CCB0067BE3B /* DetailView.swift */; };
		4EC8C50F24723CEB0067BE3B /* WebView.swift in Sources */ = {isa = PBXBuildFile; fileRef = 4EC8C50E24723CEB0067BE3B /* WebView.swift */; };
		4EC8C51124723D1E0067BE3B /* NetworkManager.swift in Sources */ = {isa = PBXBuildFile; fileRef = 4EC8C51024723D1D0067BE3B /* NetworkManager.swift */; };
		4EC8C51324723D380067BE3B /* PostData.swift in Sources */ = {isa = PBXBuildFile; fileRef = 4EC8C51224723D380067BE3B /* PostData.swift */; };
/* End PBXBuildFile section */

/* Begin PBXFileReference section */
		4EC8C4F124723C330067BE3B /* FlashNews.app */ = {isa = PBXFileReference; explicitFileType = wrapper.application; includeInIndex = 0; path = FlashNews.app; sourceTree = BUILT_PRODUCTS_DIR; };
		4EC8C4F424723C330067BE3B /* AppDelegate.swift */ = {isa = PBXFileReference; lastKnownFileType = sourcecode.swift; path = AppDelegate.swift; sourceTree = "<group>"; };
		4EC8C4F624723C330067BE3B /* SceneDelegate.swift */ = {isa = PBXFileReference; lastKnownFileType = sourcecode.swift; path = SceneDelegate.swift; sourceTree = "<group>"; };
		4EC8C4FA24723C360067BE3B /* Assets.xcassets */ = {isa = PBXFileReference; lastKnownFileType = folder.assetcatalog; path = Assets.xcassets; sourceTree = "<group>"; };
		4EC8C4FD24723C360067BE3B /* Preview Assets.xcassets */ = {isa = PBXFileReference; lastKnownFileType = folder.assetcatalog; path = "Preview Assets.xcassets"; sourceTree = "<group>"; };
		4EC8C50024723C360067BE3B /* Base */ = {isa = PBXFileReference; lastKnownFileType = file.storyboard; name = Base; path = Base.lproj/LaunchScreen.storyboard; sourceTree = "<group>"; };
		4EC8C50224723C360067BE3B /* Info.plist */ = {isa = PBXFileReference; lastKnownFileType = text.plist.xml; path = Info.plist; sourceTree = "<group>"; };
		4EC8C50A24723CA80067BE3B /* ContentView.swift */ = {isa = PBXFileReference; lastKnownFileType = sourcecode.swift; path = ContentView.swift; sourceTree = "<group>"; };
		4EC8C50C24723CCB0067BE3B /* DetailView.swift */ = {isa = PBXFileReference; lastKnownFileType = sourcecode.swift; path = DetailView.swift; sourceTree = "<group>"; };
		4EC8C50E24723CEB0067BE3B /* WebView.swift */ = {isa = PBXFileReference; lastKnownFileType = sourcecode.swift; path = WebView.swift; sourceTree = "<group>"; };
		4EC8C51024723D1D0067BE3B /* NetworkManager.swift */ = {isa = PBXFileReference; lastKnownFileType = sourcecode.swift; path = NetworkManager.swift; sourceTree = "<group>"; };
		4EC8C51224723D380067BE3B /* PostData.swift */ = {isa = PBXFileReference; lastKnownFileType = sourcecode.swift; path = PostData.swift; sourceTree = "<group>"; };
/* End PBXFileReference section */

/* Begin PBXFrameworksBuildPhase section */
		4EC8C4EE24723C330067BE3B /* Frameworks */ = {
			isa = PBXFrameworksBuildPhase;
			buildActionMask = 2147483647;
			files = (
			);
			runOnlyForDeploymentPostprocessing = 0;
		};
/* End PBXFrameworksBuildPhase section */

/* Begin PBXGroup section */
		4EC8C4E824723C330067BE3B = {
			isa = PBXGroup;
			children = (
				4EC8C4F324723C330067BE3B /* FlashNews */,
				4EC8C4F224723C330067BE3B /* Products */,
			);
			sourceTree = "<group>";
		};
		4EC8C4F224723C330067BE3B /* Products */ = {
			isa = PBXGroup;
			children = (
				4EC8C4F124723C330067BE3B /* FlashNews.app */,
			);
			name = Products;
			sourceTree = "<group>";
		};
		4EC8C4F324723C330067BE3B /* FlashNews */ = {
			isa = PBXGroup;
			children = (
				4EC8C50924723C6E0067BE3B /* View */,
				4EC8C50824723C5F0067BE3B /* Model */,
				4EC8C4F424723C330067BE3B /* AppDelegate.swift */,
				4EC8C4F624723C330067BE3B /* SceneDelegate.swift */,
				4EC8C4FA24723C360067BE3B /* Assets.xcassets */,
				4EC8C4FF24723C360067BE3B /* LaunchScreen.storyboard */,
				4EC8C50224723C360067BE3B /* Info.plist */,
				4EC8C4FC24723C360067BE3B /* Preview Content */,
			);
			path = FlashNews;
			sourceTree = "<group>";
		};
		4EC8C4FC24723C360067BE3B /* Preview Content */ = {
			isa = PBXGroup;
			children = (
				4EC8C4FD24723C360067BE3B /* Preview Assets.xcassets */,
			);
			path = "Preview Content";
			sourceTree = "<group>";
		};
		4EC8C50824723C5F0067BE3B /* Model */ = {
			isa = PBXGroup;
			children = (
				4EC8C51024723D1D0067BE3B /* NetworkManager.swift */,
				4EC8C51224723D380067BE3B /* PostData.swift */,
			);
			path = Model;
			sourceTree = "<group>";
		};
		4EC8C50924723C6E0067BE3B /* View */ = {
			isa = PBXGroup;
			children = (
				4EC8C50A24723CA80067BE3B /* ContentView.swift */,
				4EC8C50C24723CCB0067BE3B /* DetailView.swift */,
				4EC8C50E24723CEB0067BE3B /* WebView.swift */,
			);
			path = View;
			sourceTree = "<group>";
		};
/* End PBXGroup section */

/* Begin PBXNativeTarget section */
		4EC8C4F024723C330067BE3B /* FlashNews */ = {
			isa = PBXNativeTarget;
			buildConfigurationList = 4EC8C50524723C360067BE3B /* Build configuration list for PBXNativeTarget "FlashNews" */;
			buildPhases = (
				4EC8C4ED24723C330067BE3B /* Sources */,
				4EC8C4EE24723C330067BE3B /* Frameworks */,
				4EC8C4EF24723C330067BE3B /* Resources */,
			);
			buildRules = (
			);
			dependencies = (
			);
			name = FlashNews;
			productName = FlashNews;
			productReference = 4EC8C4F124723C330067BE3B /* FlashNews.app */;
			productType = "com.apple.product-type.application";
		};
/* End PBXNativeTarget section */

/* Begin PBXProject section */
		4EC8C4E924723C330067BE3B /* Project object */ = {
			isa = PBXProject;
			attributes = {
				LastSwiftUpdateCheck = 1140;
				LastUpgradeCheck = 1140;
				ORGANIZATIONNAME = "Abhas Kumar";
				TargetAttributes = {
					4EC8C4F024723C330067BE3B = {
						CreatedOnToolsVersion = 11.4.1;
					};
				};
			};
			buildConfigurationList = 4EC8C4EC24723C330067BE3B /* Build configuration list for PBXProject "FlashNews" */;
			compatibilityVersion = "Xcode 9.3";
			developmentRegion = en;
			hasScannedForEncodings = 0;
			knownRegions = (
				en,
				Base,
			);
			mainGroup = 4EC8C4E824723C330067BE3B;
			productRefGroup = 4EC8C4F224723C330067BE3B /* Products */;
			projectDirPath = "";
			projectRoot = "";
			targets = (
				4EC8C4F024723C330067BE3B /* FlashNews */,
			);
		};
/* End PBXProject section */

/* Begin PBXResourcesBuildPhase section */
		4EC8C4EF24723C330067BE3B /* Resources */ = {
			isa = PBXResourcesBuildPhase;
			buildActionMask = 2147483647;
			files = (
				4EC8C50124723C360067BE3B /* LaunchScreen.storyboard in Resources */,
				4EC8C4FE24723C360067BE3B /* Preview Assets.xcassets in Resources */,
				4EC8C4FB24723C360067BE3B /* Assets.xcassets in Resources */,
			);
			runOnlyForDeploymentPostprocessing = 0;
		};
/* End PBXResourcesBuildPhase section */

/* Begin PBXSourcesBuildPhase section */
		4EC8C4ED24723C330067BE3B /* Sources */ = {
			isa = PBXSourcesBuildPhase;
			buildActionMask = 2147483647;
			files = (
				4EC8C4F524723C330067BE3B /* AppDelegate.swift in Sources */,
				4EC8C51324723D380067BE3B /* PostData.swift in Sources */,
				4EC8C4F724723C330067BE3B /* SceneDelegate.swift in Sources */,
				4EC8C50B24723CA80067BE3B /* ContentView.swift in Sources */,
				4EC8C51124723D1E0067BE3B /* NetworkManager.swift in Sources */,
				4EC8C50F24723CEB0067BE3B /* WebView.swift in Sources */,
				4EC8C50D24723CCB0067BE3B /* DetailView.swift in Sources */,
			);
			runOnlyForDeploymentPostprocessing = 0;
		};
/* End PBXSourcesBuildPhase section */

/* Begin PBXVariantGroup section */
		4EC8C4FF24723C360067BE3B /* LaunchScreen.storyboard */ = {
			isa = PBXVariantGroup;
			children = (
				4EC8C50024723C360067BE3B /* Base */,
			);
			name = LaunchScreen.storyboard;
			sourceTree = "<group>";
		};
/* End PBXVariantGroup section */

/* Begin XCBuildConfiguration section */
		4EC8C50324723C360067BE3B /* Debug */ = {
			isa = XCBuildConfiguration;
			buildSettings = {
				ALWAYS_SEARCH_USER_PATHS = NO;
				CLANG_ANALYZER_NONNULL = YES;
				CLANG_ANALYZER_NUMBER_OBJECT_CONVERSION = YES_AGGRESSIVE;
				CLANG_CXX_LANGUAGE_STANDARD = "gnu++14";
				CLANG_CXX_LIBRARY = "libc++";
				CLANG_ENABLE_MODULES = YES;
				CLANG_ENABLE_OBJC_ARC = YES;
				CLANG_ENABLE_OBJC_WEAK = YES;
				CLANG_WARN_BLOCK_CAPTURE_AUTORELEASING = YES;
				CLANG_WARN_BOOL_CONVERSION = YES;
				CLANG_WARN_COMMA = YES;
				CLANG_WARN_CONSTANT_CONVERSION = YES;
				CLANG_WARN_DEPRECATED_OBJC_IMPLEMENTATIONS = YES;
				CLANG_WARN_DIRECT_OBJC_ISA_USAGE = YES_ERROR;
				CLANG_WARN_DOCUMENTATION_COMMENTS = YES;
				CLANG_WARN_EMPTY_BODY = YES;
				CLANG_WARN_ENUM_CONVERSION = YES;
				CLANG_WARN_INFINITE_RECURSION = YES;
				CLANG_WARN_INT_CONVERSION = YES;
				CLANG_WARN_NON_LITERAL_NULL_CONVERSION = YES;
				CLANG_WARN_OBJC_IMPLICIT_RETAIN_SELF = YES;
				CLANG_WARN_OBJC_LITERAL_CONVERSION = YES;
				CLANG_WARN_OBJC_ROOT_CLASS = YES_ERROR;
				CLANG_WARN_RANGE_LOOP_ANALYSIS = YES;
				CLANG_WARN_STRICT_PROTOTYPES = YES;
				CLANG_WARN_SUSPICIOUS_MOVE = YES;
				CLANG_WARN_UNGUARDED_AVAILABILITY = YES_AGGRESSIVE;
				CLANG_WARN_UNREACHABLE_CODE = YES;
				CLANG_WARN__DUPLICATE_METHOD_MATCH = YES;
				COPY_PHASE_STRIP = NO;
				DEBUG_INFORMATION_FORMAT = dwarf;
				ENABLE_STRICT_OBJC_MSGSEND = YES;
				ENABLE_TESTABILITY = YES;
				GCC_C_LANGUAGE_STANDARD = gnu11;
				GCC_DYNAMIC_NO_PIC = NO;
				GCC_NO_COMMON_BLOCKS = YES;
				GCC_OPTIMIZATION_LEVEL = 0;
				GCC_PREPROCESSOR_DEFINITIONS = (
					"DEBUG=1",
					"$(inherited)",
				);
				GCC_WARN_64_TO_32_BIT_CONVERSION = YES;
				GCC_WARN_ABOUT_RETURN_TYPE = YES_ERROR;
				GCC_WARN_UNDECLARED_SELECTOR = YES;
				GCC_WARN_UNINITIALIZED_AUTOS = YES_AGGRESSIVE;
				GCC_WARN_UNUSED_FUNCTION = YES;
				GCC_WARN_UNUSED_VARIABLE = YES;
				IPHONEOS_DEPLOYMENT_TARGET = 13.4;
				MTL_ENABLE_DEBUG_INFO = INCLUDE_SOURCE;
				MTL_FAST_MATH = YES;
				ONLY_ACTIVE_ARCH = YES;
				SDKROOT = iphoneos;
				SWIFT_ACTIVE_COMPILATION_CONDITIONS = DEBUG;
				SWIFT_OPTIMIZATION_LEVEL = "-Onone";
			};
			name = Debug;
		};
		4EC8C50424723C360067BE3B /* Release */ = {
			isa = XCBuildConfiguration;
			buildSettings = {
				ALWAYS_SEARCH_USER_PATHS = NO;
				CLANG_ANALYZER_NONNULL = YES;
				CLANG_ANALYZER_NUMBER_OBJECT_CONVERSION = YES_AGGRESSIVE;
				CLANG_CXX_LANGUAGE_STANDARD = "gnu++14";
				CLANG_CXX_LIBRARY = "libc++";
				CLANG_ENABLE_MODULES = YES;
				CLANG_ENABLE_OBJC_ARC = YES;
				CLANG_ENABLE_OBJC_WEAK = YES;
				CLANG_WARN_BLOCK_CAPTURE_AUTORELEASING = YES;
				CLANG_WARN_BOOL_CONVERSION = YES;
				CLANG_WARN_COMMA = YES;
				CLANG_WARN_CONSTANT_CONVERSION = YES;
				CLANG_WARN_DEPRECATED_OBJC_IMPLEMENTATIONS = YES;
				CLANG_WARN_DIRECT_OBJC_ISA_USAGE = YES_ERROR;
				CLANG_WARN_DOCUMENTATION_COMMENTS = YES;
				CLANG_WARN_EMPTY_BODY = YES;
				CLANG_WARN_ENUM_CONVERSION = YES;
				CLANG_WARN_INFINITE_RECURSION = YES;
				CLANG_WARN_INT_CONVERSION = YES;
				CLANG_WARN_NON_LITERAL_NULL_CONVERSION = YES;
				CLANG_WARN_OBJC_IMPLICIT_RETAIN_SELF = YES;
				CLANG_WARN_OBJC_LITERAL_CONVERSION = YES;
				CLANG_WARN_OBJC_ROOT_CLASS = YES_ERROR;
				CLANG_WARN_RANGE_LOOP_ANALYSIS = YES;
				CLANG_WARN_STRICT_PROTOTYPES = YES;
				CLANG_WARN_SUSPICIOUS_MOVE = YES;
				CLANG_WARN_UNGUARDED_AVAILABILITY = YES_AGGRESSIVE;
				CLANG_WARN_UNREACHABLE_CODE = YES;
				CLANG_WARN__DUPLICATE_METHOD_MATCH = YES;
				COPY_PHASE_STRIP = NO;
				DEBUG_INFORMATION_FORMAT = "dwarf-with-dsym";
				ENABLE_NS_ASSERTIONS = NO;
				ENABLE_STRICT_OBJC_MSGSEND = YES;
				GCC_C_LANGUAGE_STANDARD = gnu11;
				GCC_NO_COMMON_BLOCKS = YES;
				GCC_WARN_64_TO_32_BIT_CONVERSION = YES;
				GCC_WARN_ABOUT_RETURN_TYPE = YES_ERROR;
				GCC_WARN_UNDECLARED_SELECTOR = YES;
				GCC_WARN_UNINITIALIZED_AUTOS = YES_AGGRESSIVE;
				GCC_WARN_UNUSED_FUNCTION = YES;
				GCC_WARN_UNUSED_VARIABLE = YES;
				IPHONEOS_DEPLOYMENT_TARGET = 13.4;
				MTL_ENABLE_DEBUG_INFO = NO;
				MTL_FAST_MATH = YES;
				SDKROOT = iphoneos;
				SWIFT_COMPILATION_MODE = wholemodule;
				SWIFT_OPTIMIZATION_LEVEL = "-O";
				VALIDATE_PRODUCT = YES;
			};
			name = Release;
		};
		4EC8C50624723C360067BE3B /* Debug */ = {
			isa = XCBuildConfiguration;
			buildSettings = {
				ASSETCATALOG_COMPILER_APPICON_NAME = AppIcon;
				CODE_SIGN_STYLE = Automatic;
				DEVELOPMENT_ASSET_PATHS = "\"FlashNews/Preview Content\"";
				DEVELOPMENT_TEAM = M8ZKPMAVGG;
				ENABLE_PREVIEWS = YES;
				INFOPLIST_FILE = FlashNews/Info.plist;
				IPHONEOS_DEPLOYMENT_TARGET = 13.0;
				LD_RUNPATH_SEARCH_PATHS = (
					"$(inherited)",
					"@executable_path/Frameworks",
				);
				PRODUCT_BUNDLE_IDENTIFIER = com.abhas.FlashNews;
				PRODUCT_NAME = "$(TARGET_NAME)";
				SWIFT_VERSION = 5.0;
				TARGETED_DEVICE_FAMILY = "1,2";
			};
			name = Debug;
		};
		4EC8C50724723C360067BE3B /* Release */ = {
			isa = XCBuildConfiguration;
			buildSettings = {
				ASSETCATALOG_COMPILER_APPICON_NAME = AppIcon;
				CODE_SIGN_STYLE = Automatic;
				DEVELOPMENT_ASSET_PATHS = "\"FlashNews/Preview Content\"";
				DEVELOPMENT_TEAM = M8ZKPMAVGG;
				ENABLE_PREVIEWS = YES;
				INFOPLIST_FILE = FlashNews/Info.plist;
				IPHONEOS_DEPLOYMENT_TARGET = 13.0;
				LD_RUNPATH_SEARCH_PATHS = (
					"$(inherited)",
					"@executable_path/Frameworks",
				);
				PRODUCT_BUNDLE_IDENTIFIER = com.abhas.FlashNews;
				PRODUCT_NAME = "$(TARGET_NAME)";
				SWIFT_VERSION = 5.0;
				TARGETED_DEVICE_FAMILY = "1,2";
			};
			name = Release;
		};
/* End XCBuildConfiguration section */

/* Begin XCConfigurationList section */
		4EC8C4EC24723C330067BE3B /* Build configuration list for PBXProject "FlashNews" */ = {
			isa = XCConfigurationList;
			buildConfigurations = (
				4EC8C50324723C360067BE3B /* Debug */,
				4EC8C50424723C360067BE3B /* Release */,
			);
			defaultConfigurationIsVisible = 0;
			defaultConfigurationName = Release;
		};
		4EC8C50524723C360067BE3B /* Build configuration list for PBXNativeTarget "FlashNews" */ = {
			isa = XCConfigurationList;
			buildConfigurations = (
				4EC8C50624723C360067BE3B /* Debug */,
				4EC8C50724723C360067BE3B /* Release */,
			);
			defaultConfigurationIsVisible = 0;
			defaultConfigurationName = Release;
		};
/* End XCConfigurationList section */
	};
	rootObject = 4EC8C4E924723C330067BE3B /* Project object */;
}
